lockfileVersion: '6.0'

settings:
  autoInstallPeers: true
  excludeLinksFromLockfile: false

importers:

  .:
    devDependencies:
      '@types/node':
        specifier: ^20.8.6
        version: 20.8.6
      '@types/react':
        specifier: ^18.2.28
        version: 18.2.28
      '@types/react-dom':
        specifier: ^18.2.13
        version: 18.2.13
      typescript:
        specifier: ^5.2.2
        version: 5.2.2

packages:

  /@types/node@20.8.6:
    resolution: {integrity: sha512-eWO4K2Ji70QzKUqRy6oyJWUeB7+g2cRagT3T/nxYibYcT4y2BDL8lqolRXjTHmkZCdJfIPaY73KbJAZmcryxTQ==}
    dependencies:
      undici-types: 5.25.3
    dev: true

  /@types/prop-types@15.7.8:
    resolution: {integrity: sha512-kMpQpfZKSCBqltAJwskgePRaYRFukDkm1oItcAbC3gNELR20XIBcN9VRgg4+m8DKsTfkWeA4m4Imp4DDuWy7FQ==}
    dev: true

  /@types/react-dom@18.2.13:
    resolution: {integrity: sha512-eJIUv7rPP+EC45uNYp/ThhSpE16k22VJUknt5OLoH9tbXoi8bMhwLf5xRuWMywamNbWzhrSmU7IBJfPup1+3fw==}
    dependencies:
      '@types/react': 18.2.28
    dev: true

  /@types/react@18.2.28:
    resolution: {integrity: sha512-ad4aa/RaaJS3hyGz0BGegdnSRXQBkd1CCYDCdNjBPg90UUpLgo+WlJqb9fMYUxtehmzF3PJaTWqRZjko6BRzBg==}
    dependencies:
      '@types/prop-types': 15.7.8
      '@types/scheduler': 0.16.4
      csstype: 3.1.2
    dev: true

  /@types/scheduler@0.16.4:
    resolution: {integrity: sha512-2L9ifAGl7wmXwP4v3pN4p2FLhD0O1qsJpvKmNin5VA8+UvNVb447UDaAEV6UdrkA+m/Xs58U1RFps44x6TFsVQ==}
    dev: true

  /csstype@3.1.2:
    resolution: {integrity: sha512-I7K1Uu0MBPzaFKg4nI5Q7Vs2t+3gWWW648spaF+Rg7pI9ds18Ugn+lvg4SHczUdKlHI5LWBXyqfS8+DufyBsgQ==}
    dev: true

  /typescript@5.2.2:
    resolution: {integrity: sha512-mI4WrpHsbCIcwT9cF4FZvr80QUeKvsUsUvKDoR+X/7XHQH98xYD8YHZg7ANtz2GtZt/CBq2QJ0thkGJMHfqc1w==}
    engines: {node: '>=14.17'}
    hasBin: true
    dev: true

  /undici-types@5.25.3:
    resolution: {integrity: sha512-Ga1jfYwRn7+cP9v8auvEXN1rX3sWqlayd4HP7OKk4mZWylEmu3KzXDUGrQUN6Ol7qo1gPvB2e5gX6udnyEPgdA==}
    dev: true
